
Microsoft Visual Studio Solution File, Format Version 12.00
# Visual Studio 15
Project("{FAE04EC0-301F-11D3-BF4B-00C04F79EFBC}") = "Assembly-CSharp", "Assembly-CSharp.csproj", "{FAF13167-CF8D-FFF6-DE66-478FE474C368}"
EndProject
Project("{FAE04EC0-301F-11D3-BF4B-00C04F79EFBC}") = "Meryel.CodeAssist.Editor", "Meryel.CodeAssist.Editor.csproj", "{1EE53801-5CD3-2586-4384-748C39654F8E}"
EndProject
Global
	GlobalSection(SolutionConfigurationPlatforms) = preSolution
		Debug|Any CPU = Debug|Any CPU
		Release|Any CPU = Release|Any CPU
	EndGlobalSection
	GlobalSection(ProjectConfigurationPlatforms) = postSolution
		{FAF13167-CF8D-FFF6-DE66-478FE474C368}.Debug|Any CPU.ActiveCfg = Debug|Any CPU
		{FAF13167-CF8D-FFF6-DE66-478FE474C368}.Debug|Any CPU.Build.0 = Debug|Any CPU
		{FAF13167-CF8D-FFF6-DE66-478FE474C368}.Release|Any CPU.ActiveCfg = Release|Any CPU
		{FAF13167-CF8D-FFF6-DE66-478FE474C368}.Release|Any CPU.Build.0 = Release|Any CPU
		{1EE53801-5CD3-2586-4384-748C39654F8E}.Debug|Any CPU.ActiveCfg = Debug|Any CPU
		{1EE53801-5CD3-2586-4384-748C39654F8E}.Debug|Any CPU.Build.0 = Debug|Any CPU
		{1EE53801-5CD3-2586-4384-748C39654F8E}.Release|Any CPU.ActiveCfg = Release|Any CPU
		{1EE53801-5CD3-2586-4384-748C39654F8E}.Release|Any CPU.Build.0 = Release|Any CPU
	EndGlobalSection
	GlobalSection(SolutionProperties) = preSolution
		HideSolutionNode = FALSE
	EndGlobalSection
EndGlobal
